
Microsoft Visual Studio Solution File, Format Version 11.00
# Visual Studio 2010
Project("{FAE04EC0-301F-11D3-BF4B-00C04F79EFBC}") = "Sdl.Sdk.FileTypeSupport.Samples.WordArtVerifier", "Sdl.Sdk.FileTypeSupport.Samples.WordArtVerifier.csproj", "{9C7A05EF-18D4-4810-8BD0-93661EEA1BF0}"
EndProject
Global
	GlobalSection(SolutionConfigurationPlatforms) = preSolution
		Debug|Any CPU = Debug|Any CPU
		Release|Any CPU = Release|Any CPU
	EndGlobalSection
	GlobalSection(ProjectConfigurationPlatforms) = postSolution
		{9C7A05EF-18D4-4810-8BD0-93661EEA1BF0}.Debug|Any CPU.ActiveCfg = Debug|Any CPU
		{9C7A05EF-18D4-4810-8BD0-93661EEA1BF0}.Debug|Any CPU.Build.0 = Debug|Any CPU
		{9C7A05EF-18D4-4810-8BD0-93661EEA1BF0}.Release|Any CPU.ActiveCfg = Release|Any CPU
		{9C7A05EF-18D4-4810-8BD0-93661EEA1BF0}.Release|Any CPU.Build.0 = Release|Any CPU
	EndGlobalSection
	GlobalSection(SolutionProperties) = preSolution
		HideSolutionNode = FALSE
	EndGlobalSection
EndGlobal
